
Microsoft Visual Studio Solution File, Format Version 12.00
# Visual Studio 15
VisualStudioVersion = 15.0.28306.52
MinimumVisualStudioVersion = 10.0.40219.1
Project("{FAE04EC0-301F-11D3-BF4B-00C04F79EFBC}") = "WebPryton", "WebPryton\WebPryton.csproj", "{107F0BF0-DDB1-45A5-BA26-985FA6D17EDD}"
EndProject
Global
	GlobalSection(SolutionConfigurationPlatforms) = preSolution
		Debug|Any CPU = Debug|Any CPU
		Release|Any CPU = Release|Any CPU
	EndGlobalSection
	GlobalSection(ProjectConfigurationPlatforms) = postSolution
		{107F0BF0-DDB1-45A5-BA26-985FA6D17EDD}.Debug|Any CPU.ActiveCfg = Debug|Any CPU
		{107F0BF0-DDB1-45A5-BA26-985FA6D17EDD}.Debug|Any CPU.Build.0 = Debug|Any CPU
		{107F0BF0-DDB1-45A5-BA26-985FA6D17EDD}.Release|Any CPU.ActiveCfg = Release|Any CPU
		{107F0BF0-DDB1-45A5-BA26-985FA6D17EDD}.Release|Any CPU.Build.0 = Release|Any CPU
	EndGlobalSection
	GlobalSection(SolutionProperties) = preSolution
		HideSolutionNode = FALSE
	EndGlobalSection
	GlobalSection(ExtensibilityGlobals) = postSolution
		SolutionGuid = {44890053-A62C-47C5-AA30-40D7B4CF68E5}
	EndGlobalSection
EndGlobal
